
Microsoft Visual Studio Solution File, Format Version 12.00
# Visual Studio Version 16
VisualStudioVersion = 16.0.32510.428
MinimumVisualStudioVersion = 10.0.40219.1
Project("{FAE04EC0-301F-11D3-BF4B-00C04F79EFBC}") = "ReservasiMeetingRoom", "ReservasiMeetingRoom\ReservasiMeetingRoom.csproj", "{804A7BEB-75B3-4A98-9012-C77CE3D2F96B}"
EndProject
Global
	GlobalSection(SolutionConfigurationPlatforms) = preSolution
		Debug|Any CPU = Debug|Any CPU
		Release|Any CPU = Release|Any CPU
	EndGlobalSection
	GlobalSection(ProjectConfigurationPlatforms) = postSolution
		{804A7BEB-75B3-4A98-9012-C77CE3D2F96B}.Debug|Any CPU.ActiveCfg = Debug|Any CPU
		{804A7BEB-75B3-4A98-9012-C77CE3D2F96B}.Debug|Any CPU.Build.0 = Debug|Any CPU
		{804A7BEB-75B3-4A98-9012-C77CE3D2F96B}.Release|Any CPU.ActiveCfg = Release|Any CPU
		{804A7BEB-75B3-4A98-9012-C77CE3D2F96B}.Release|Any CPU.Build.0 = Release|Any CPU
	EndGlobalSection
	GlobalSection(SolutionProperties) = preSolution
		HideSolutionNode = FALSE
	EndGlobalSection
	GlobalSection(ExtensibilityGlobals) = postSolution
		SolutionGuid = {456ED9AE-F621-4583-8795-A2B327CA356D}
	EndGlobalSection
EndGlobal
